# Windows x64 / CPython 3.14. Resolved from official PyPI on 2026-09-08.
# Complete transitive wheel set. No source builds or unhashed dependencies.
pdfplumber==0.11.9 --hash=sha256:33ec5580959ba524e9100138746e090879504c42955df1b8a997604dd326c443
pdfminer.six==20251230 --hash=sha256:9ff2e3466a7dfc6de6fd779478850b6b7c2d9e9405aa2a5869376a822771f485
charset-normalizer==3.5.1 --hash=sha256:c658c50ac0c98cd755a2dd50b7977d3bca7df401dcc47fbdfa87db53ef7d4e8b
cryptography==50.0.1 --hash=sha256:aed8db4f6d71c51efb89530e12d9464e7bf2923d46c3205dc794a2a93f8c0648
cffi==2.1.1 --hash=sha256:3222ba5d678f80a030e6afbcc33dc1ae5cb45facabb61cee2c7016b8432fde48
pillow==12.3.0 --hash=sha256:fdafc9cce40277e0f7a0feabce0ee50dd2fa1800f3b38015e51296b5e814048d
pypdfium2==5.13.0 --hash=sha256:47dcca2a8d507b5fd24f94c3c9d48fb379430f097bc20f01beff6c963ffbcedb
pycparser==3.0 --hash=sha256:b727414169a36b7d524c1c3e31839a521725078d7b2ff038656844266160a992
